
Microsoft Visual Studio Solution File, Format Version 12.00
# Visual Studio Version 16
VisualStudioVersion = 16.0.31410.357
MinimumVisualStudioVersion = 10.0.40219.1
Project("{9A19103F-16F7-4668-BE54-9A1E7A4F7556}") = "SF_M11_TelegramBot", "SF_M11_TelegramBot.csproj", "{A1192EC4-48E2-4E82-A9E4-ADAC2C07A369}"
EndProject
Global
	GlobalSection(SolutionConfigurationPlatforms) = preSolution
		Debug|Any CPU = Debug|Any CPU
		Release|Any CPU = Release|Any CPU
	EndGlobalSection
	GlobalSection(ProjectConfigurationPlatforms) = postSolution
		{A1192EC4-48E2-4E82-A9E4-ADAC2C07A369}.Debug|Any CPU.ActiveCfg = Debug|Any CPU
		{A1192EC4-48E2-4E82-A9E4-ADAC2C07A369}.Debug|Any CPU.Build.0 = Debug|Any CPU
		{A1192EC4-48E2-4E82-A9E4-ADAC2C07A369}.Release|Any CPU.ActiveCfg = Release|Any CPU
		{A1192EC4-48E2-4E82-A9E4-ADAC2C07A369}.Release|Any CPU.Build.0 = Release|Any CPU
	EndGlobalSection
	GlobalSection(SolutionProperties) = preSolution
		HideSolutionNode = FALSE
	EndGlobalSection
	GlobalSection(ExtensibilityGlobals) = postSolution
		SolutionGuid = {2B0B2390-C1F3-419D-BF7C-7EBD67078FF8}
	EndGlobalSection
EndGlobal
